# THIS IS AN AUTOGENERATED FILE. DO NOT EDIT THIS FILE DIRECTLY.
# yarn lockfile v1


colors@~0.6.0-1:
  version "0.6.2"
  resolved "https://registry.npm.taobao.org/colors/download/colors-0.6.2.tgz#2423fe6678ac0c5dae8852e5d0e5be08c997abcc"
  integrity sha1-JCP+ZnisDF2uiFLl0OW+CMmXq8w=

commander@~2.1.0:
  version "2.1.0"
  resolved "https://registry.npm.taobao.org/commander/download/commander-2.1.0.tgz?cache=0&sync_timestamp=1567155469688&other_urls=https%3A%2F%2Fregistry.npm.taobao.org%2Fcommander%2Fdownload%2Fcommander-2.1.0.tgz#d121bbae860d9992a3d517ba96f56588e47c6781"
  integrity sha1-0SG7roYNmZKj1Re6lvVliOR8Z4E=

conventional-commit-types@^2.0.0:
  version "2.1.1"
  resolved "https://registry.npm.taobao.org/conventional-commit-types/download/conventional-commit-types-2.1.1.tgz#352eb53f56fbc7c1a6c1ba059c2b6670c90b2a8a"
  integrity sha1-NS61P1b7x8GmwboFnCtmcMkLKoo=

find-parent-dir@^0.3.0:
  version "0.3.0"
  resolved "https://registry.npm.taobao.org/find-parent-dir/download/find-parent-dir-0.3.0.tgz#33c44b429ab2b2f0646299c5f9f718f376ff8d54"
  integrity sha1-M8RLQpqysvBkYpnF+fcY83b/jVQ=

findup@0.1.5:
  version "0.1.5"
  resolved "https://registry.npm.taobao.org/findup/download/findup-0.1.5.tgz#8ad929a3393bac627957a7e5de4623b06b0e2ceb"
  integrity sha1-itkpozk7rGJ5V6fl3kYjsGsOLOs=
  dependencies:
    colors "~0.6.0-1"
    commander "~2.1.0"

hooks@^0.3.2:
  version "0.3.2"
  resolved "https://registry.npm.taobao.org/hooks/download/hooks-0.3.2.tgz#a31f060c2026cea6cf1ca3eb178430e718e1c4a3"
  integrity sha1-ox8GDCAmzqbPHKPrF4Qw5xjhxKM=

semver-regex@1.0.0:
  version "1.0.0"
  resolved "https://registry.npm.taobao.org/semver-regex/download/semver-regex-1.0.0.tgz#92a4969065f9c70c694753d55248fc68f8f652c9"
  integrity sha1-kqSWkGX5xwxpR1PVUkj8aPj2Usk=

validate-commit-msg@^2.14.0:
  version "2.14.0"
  resolved "https://registry.npm.taobao.org/validate-commit-msg/download/validate-commit-msg-2.14.0.tgz#e5383691012cbb270dcc0bc2a4effebe14890eac"
  integrity sha1-5Tg2kQEsuycNzAvCpO/+vhSJDqw=
  dependencies:
    conventional-commit-types "^2.0.0"
    find-parent-dir "^0.3.0"
    findup "0.1.5"
    semver-regex "1.0.0"
